
Microsoft Visual Studio Solution File, Format Version 12.00
# Visual Studio Version 17
VisualStudioVersion = 17.9.34701.34
MinimumVisualStudioVersion = 10.0.40219.1
Project("{2150E333-8FDC-42A3-9474-1A3956D46DE8}") = "Core", "Core", "{B72FA24B-433D-4AA4-BC7D-60F3B92EE5E3}"
EndProject
Project("{2150E333-8FDC-42A3-9474-1A3956D46DE8}") = "Infrastructure", "Infrastructure", "{A8997021-02D7-462E-905E-71BA0D60E7DA}"
EndProject
Project("{2150E333-8FDC-42A3-9474-1A3956D46DE8}") = "Presentation", "Presentation", "{400A5D98-E978-476A-9A3C-6533D403F62A}"
EndProject
Project("{FAE04EC0-301F-11D3-BF4B-00C04F79EFBC}") = "MusicLibrary.API", "Presentation\MusicLibrary.API\MusicLibrary.API.csproj", "{CC41A1CD-1FAB-4F34-BD56-BE8F237BC8BC}"
EndProject
Project("{FAE04EC0-301F-11D3-BF4B-00C04F79EFBC}") = "MusicLibrary.Persistence", "Infrastructure\MusicLibrary.Persistence\MusicLibrary.Persistence.csproj", "{863C0F68-4C39-40B2-8083-38DAED068A82}"
EndProject
Project("{FAE04EC0-301F-11D3-BF4B-00C04F79EFBC}") = "MusicLibrary.Application", "Core\MusicLibrary.Application\MusicLibrary.Application.csproj", "{98AC981E-5B1D-4418-9573-DE0C80E94BFC}"
EndProject
Project("{FAE04EC0-301F-11D3-BF4B-00C04F79EFBC}") = "MusicLibrary.Domain", "Core\MusicLibrary.Domain\MusicLibrary.Domain.csproj", "{6E666CB5-513C-46FE-BE68-C6F9B8AD99CD}"
EndProject
Global
	GlobalSection(SolutionConfigurationPlatforms) = preSolution
		Debug|Any CPU = Debug|Any CPU
		Release|Any CPU = Release|Any CPU
	EndGlobalSection
	GlobalSection(ProjectConfigurationPlatforms) = postSolution
		{CC41A1CD-1FAB-4F34-BD56-BE8F237BC8BC}.Debug|Any CPU.ActiveCfg = Debug|Any CPU
		{CC41A1CD-1FAB-4F34-BD56-BE8F237BC8BC}.Debug|Any CPU.Build.0 = Debug|Any CPU
		{CC41A1CD-1FAB-4F34-BD56-BE8F237BC8BC}.Release|Any CPU.ActiveCfg = Release|Any CPU
		{CC41A1CD-1FAB-4F34-BD56-BE8F237BC8BC}.Release|Any CPU.Build.0 = Release|Any CPU
		{863C0F68-4C39-40B2-8083-38DAED068A82}.Debug|Any CPU.ActiveCfg = Debug|Any CPU
		{863C0F68-4C39-40B2-8083-38DAED068A82}.Debug|Any CPU.Build.0 = Debug|Any CPU
		{863C0F68-4C39-40B2-8083-38DAED068A82}.Release|Any CPU.ActiveCfg = Release|Any CPU
		{863C0F68-4C39-40B2-8083-38DAED068A82}.Release|Any CPU.Build.0 = Release|Any CPU
		{98AC981E-5B1D-4418-9573-DE0C80E94BFC}.Debug|Any CPU.ActiveCfg = Debug|Any CPU
		{98AC981E-5B1D-4418-9573-DE0C80E94BFC}.Debug|Any CPU.Build.0 = Debug|Any CPU
		{98AC981E-5B1D-4418-9573-DE0C80E94BFC}.Release|Any CPU.ActiveCfg = Release|Any CPU
		{98AC981E-5B1D-4418-9573-DE0C80E94BFC}.Release|Any CPU.Build.0 = Release|Any CPU
		{6E666CB5-513C-46FE-BE68-C6F9B8AD99CD}.Debug|Any CPU.ActiveCfg = Debug|Any CPU
		{6E666CB5-513C-46FE-BE68-C6F9B8AD99CD}.Debug|Any CPU.Build.0 = Debug|Any CPU
		{6E666CB5-513C-46FE-BE68-C6F9B8AD99CD}.Release|Any CPU.ActiveCfg = Release|Any CPU
		{6E666CB5-513C-46FE-BE68-C6F9B8AD99CD}.Release|Any CPU.Build.0 = Release|Any CPU
	EndGlobalSection
	GlobalSection(SolutionProperties) = preSolution
		HideSolutionNode = FALSE
	EndGlobalSection
	GlobalSection(NestedProjects) = preSolution
		{CC41A1CD-1FAB-4F34-BD56-BE8F237BC8BC} = {400A5D98-E978-476A-9A3C-6533D403F62A}
		{863C0F68-4C39-40B2-8083-38DAED068A82} = {A8997021-02D7-462E-905E-71BA0D60E7DA}
		{98AC981E-5B1D-4418-9573-DE0C80E94BFC} = {B72FA24B-433D-4AA4-BC7D-60F3B92EE5E3}
		{6E666CB5-513C-46FE-BE68-C6F9B8AD99CD} = {B72FA24B-433D-4AA4-BC7D-60F3B92EE5E3}
	EndGlobalSection
	GlobalSection(ExtensibilityGlobals) = postSolution
		SolutionGuid = {0C58F6D4-E4E5-49BC-83E8-A2410A4CA2FE}
	EndGlobalSection
EndGlobal
